// !$*UTF8*$!
{
	archiveVersion = 1;
	classes = {
	};
	objectVersion = 55;
	objects = {

/* Begin PBXBuildFile section */
		263B35C927A9A2780022A79C /* blkKing.png in CopyFiles */ = {isa = PBXBuildFile; fileRef = 263B35BB27A9999B0022A79C /* blkKing.png */; };
		263B35CA27A9A2780022A79C /* blkRook.png in CopyFiles */ = {isa = PBXBuildFile; fileRef = 263B35B727A9999B0022A79C /* blkRook.png */; };
		263B35CB27A9A2780022A79C /* whtKnight.png in CopyFiles */ = {isa = PBXBuildFile; fileRef = 263B35B827A9999B0022A79C /* whtKnight.png */; };
		263B35CC27A9A2780022A79C /* whtPawn.png in CopyFiles */ = {isa = PBXBuildFile; fileRef = 263B35B927A9999B0022A79C /* whtPawn.png */; };
		263B35CD27A9A2780022A79C /* blkBishop.png in CopyFiles */ = {isa = PBXBuildFile; fileRef = 263B35BA27A9999B0022A79C /* blkBishop.png */; };
		263B35CE27A9A2780022A79C /* whtRook.png in CopyFiles */ = {isa = PBXBuildFile; fileRef = 263B35BC27A9999B0022A79C /* whtRook.png */; };
		263B35CF27A9A2780022A79C /* whtQueen.png in CopyFiles */ = {isa = PBXBuildFile; fileRef = 263B35BD27A9999B0022A79C /* whtQueen.png */; };
		263B35D027A9A2780022A79C /* blkKnight.png in CopyFiles */ = {isa = PBXBuildFile; fileRef = 263B35BE27A9999B0022A79C /* blkKnight.png */; };
		263B35D127A9A2780022A79C /* blkPawn.png in CopyFiles */ = {isa = PBXBuildFile; fileRef = 263B35BF27A9999B0022A79C /* blkPawn.png */; };
		263B35D227A9A2780022A79C /* whtBishop.png in CopyFiles */ = {isa = PBXBuildFile; fileRef = 263B35C027A9999B0022A79C /* whtBishop.png */; };
		263B35D327A9A2780022A79C /* whtKing.png in CopyFiles */ = {isa = PBXBuildFile; fileRef = 263B35C127A9999B0022A79C /* whtKing.png */; };
		263B35D427A9A2780022A79C /* blkQueen.png in CopyFiles */ = {isa = PBXBuildFile; fileRef = 263B35C227A9999B0022A79C /* blkQueen.png */; };
		26B480BF27A6E7E30041F56A /* main.cpp in Sources */ = {isa = PBXBuildFile; fileRef = 26B480BE27A6E7E30041F56A /* main.cpp */; };
		26B480CD27A6F2080041F56A /* SDL2_image.framework in Frameworks */ = {isa = PBXBuildFile; fileRef = 26B480CC27A6F2080041F56A /* SDL2_image.framework */; };
		26B480CE27A6F2080041F56A /* SDL2_image.framework in Embed Frameworks */ = {isa = PBXBuildFile; fileRef = 26B480CC27A6F2080041F56A /* SDL2_image.framework */; settings = {ATTRIBUTES = (CodeSignOnCopy, RemoveHeadersOnCopy, ); }; };
		26B480D027A6F20B0041F56A /* SDL2.framework in Frameworks */ = {isa = PBXBuildFile; fileRef = 26B480C627A6E80E0041F56A /* SDL2.framework */; };
		26B480D127A6F20B0041F56A /* SDL2.framework in Embed Frameworks */ = {isa = PBXBuildFile; fileRef = 26B480C627A6E80E0041F56A /* SDL2.framework */; settings = {ATTRIBUTES = (CodeSignOnCopy, RemoveHeadersOnCopy, ); }; };
		26FAD6D927A9BF6A007EB527 /* pieces.cpp in Sources */ = {isa = PBXBuildFile; fileRef = 26FAD6D727A9BF6A007EB527 /* pieces.cpp */; };
/* End PBXBuildFile section */

/* Begin PBXCopyFilesBuildPhase section */
		263B35C727A9A2270022A79C /* CopyFiles */ = {
			isa = PBXCopyFilesBuildPhase;
			buildActionMask = 2147483647;
			dstPath = "";
			dstSubfolderSpec = 7;
			files = (
				263B35C927A9A2780022A79C /* blkKing.png in CopyFiles */,
				263B35CA27A9A2780022A79C /* blkRook.png in CopyFiles */,
				263B35CB27A9A2780022A79C /* whtKnight.png in CopyFiles */,
				263B35CC27A9A2780022A79C /* whtPawn.png in CopyFiles */,
				263B35CD27A9A2780022A79C /* blkBishop.png in CopyFiles */,
				263B35CE27A9A2780022A79C /* whtRook.png in CopyFiles */,
				263B35CF27A9A2780022A79C /* whtQueen.png in CopyFiles */,
				263B35D027A9A2780022A79C /* blkKnight.png in CopyFiles */,
				263B35D127A9A2780022A79C /* blkPawn.png in CopyFiles */,
				263B35D227A9A2780022A79C /* whtBishop.png in CopyFiles */,
				263B35D327A9A2780022A79C /* whtKing.png in CopyFiles */,
				263B35D427A9A2780022A79C /* blkQueen.png in CopyFiles */,
			);
			runOnlyForDeploymentPostprocessing = 0;
		};
		26B480B927A6E7E30041F56A /* CopyFiles */ = {
			isa = PBXCopyFilesBuildPhase;
			buildActionMask = 2147483647;
			dstPath = /usr/share/man/man1/;
			dstSubfolderSpec = 0;
			files = (
			);
			runOnlyForDeploymentPostprocessing = 1;
		};
		26B480CF27A6F2080041F56A /* Embed Frameworks */ = {
			isa = PBXCopyFilesBuildPhase;
			buildActionMask = 2147483647;
			dstPath = "";
			dstSubfolderSpec = 10;
			files = (
				26B480CE27A6F2080041F56A /* SDL2_image.framework in Embed Frameworks */,
				26B480D127A6F20B0041F56A /* SDL2.framework in Embed Frameworks */,
			);
			name = "Embed Frameworks";
			runOnlyForDeploymentPostprocessing = 0;
		};
/* End PBXCopyFilesBuildPhase section */

/* Begin PBXFileReference section */
		263B35B727A9999B0022A79C /* blkRook.png */ = {isa = PBXFileReference; lastKnownFileType = image.png; path = blkRook.png; sourceTree = "<group>"; };
		263B35B827A9999B0022A79C /* whtKnight.png */ = {isa = PBXFileReference; lastKnownFileType = image.png; path = whtKnight.png; sourceTree = "<group>"; };
		263B35B927A9999B0022A79C /* whtPawn.png */ = {isa = PBXFileReference; lastKnownFileType = image.png; path = whtPawn.png; sourceTree = "<group>"; };
		263B35BA27A9999B0022A79C /* blkBishop.png */ = {isa = PBXFileReference; lastKnownFileType = image.png; path = blkBishop.png; sourceTree = "<group>"; };
		263B35BB27A9999B0022A79C /* blkKing.png */ = {isa = PBXFileReference; lastKnownFileType = image.png; path = blkKing.png; sourceTree = "<group>"; };
		263B35BC27A9999B0022A79C /* whtRook.png */ = {isa = PBXFileReference; lastKnownFileType = image.png; path = whtRook.png; sourceTree = "<group>"; };
		263B35BD27A9999B0022A79C /* whtQueen.png */ = {isa = PBXFileReference; lastKnownFileType = image.png; path = whtQueen.png; sourceTree = "<group>"; };
		263B35BE27A9999B0022A79C /* blkKnight.png */ = {isa = PBXFileReference; lastKnownFileType = image.png; path = blkKnight.png; sourceTree = "<group>"; };
		263B35BF27A9999B0022A79C /* blkPawn.png */ = {isa = PBXFileReference; lastKnownFileType = image.png; path = blkPawn.png; sourceTree = "<group>"; };
		263B35C027A9999B0022A79C /* whtBishop.png */ = {isa = PBXFileReference; lastKnownFileType = image.png; path = whtBishop.png; sourceTree = "<group>"; };
		263B35C127A9999B0022A79C /* whtKing.png */ = {isa = PBXFileReference; lastKnownFileType = image.png; path = whtKing.png; sourceTree = "<group>"; };
		263B35C227A9999B0022A79C /* blkQueen.png */ = {isa = PBXFileReference; lastKnownFileType = image.png; path = blkQueen.png; sourceTree = "<group>"; };
		263B35C327A99E9E0022A79C /* CoreFoundation.framework */ = {isa = PBXFileReference; lastKnownFileType = wrapper.framework; name = CoreFoundation.framework; path = System/Library/Frameworks/CoreFoundation.framework; sourceTree = SDKROOT; };
		266F543E27A9A3A100D643B5 /* README.md */ = {isa = PBXFileReference; lastKnownFileType = net.daringfireball.markdown; path = README.md; sourceTree = "<group>"; };
		26B480BB27A6E7E30041F56A /* chess */ = {isa = PBXFileReference; explicitFileType = "compiled.mach-o.executable"; includeInIndex = 0; path = chess; sourceTree = BUILT_PRODUCTS_DIR; };
		26B480BE27A6E7E30041F56A /* main.cpp */ = {isa = PBXFileReference; lastKnownFileType = sourcecode.cpp.cpp; path = main.cpp; sourceTree = "<group>"; };
		26B480C627A6E80E0041F56A /* SDL2.framework */ = {isa = PBXFileReference; lastKnownFileType = wrapper.framework; name = SDL2.framework; path = ../../../../Library/Frameworks/SDL2.framework; sourceTree = "<group>"; };
		26B480CA27A6E8170041F56A /* chess.entitlements */ = {isa = PBXFileReference; lastKnownFileType = text.plist.entitlements; path = chess.entitlements; sourceTree = "<group>"; };
		26B480CC27A6F2080041F56A /* SDL2_image.framework */ = {isa = PBXFileReference; lastKnownFileType = wrapper.framework; name = SDL2_image.framework; path = ../../../../Library/Frameworks/SDL2_image.framework; sourceTree = "<group>"; };
		26FAD6D727A9BF6A007EB527 /* pieces.cpp */ = {isa = PBXFileReference; lastKnownFileType = sourcecode.cpp.cpp; path = pieces.cpp; sourceTree = "<group>"; };
		26FAD6D827A9BF6A007EB527 /* pieces.hpp */ = {isa = PBXFileReference; lastKnownFileType = sourcecode.cpp.h; path = pieces.hpp; sourceTree = "<group>"; };
/* End PBXFileReference section */

/* Begin PBXFrameworksBuildPhase section */
		26B480B827A6E7E30041F56A /* Frameworks */ = {
			isa = PBXFrameworksBuildPhase;
			buildActionMask = 2147483647;
			files = (
				26B480CD27A6F2080041F56A /* SDL2_image.framework in Frameworks */,
				26B480D027A6F20B0041F56A /* SDL2.framework in Frameworks */,
			);
			runOnlyForDeploymentPostprocessing = 0;
		};
/* End PBXFrameworksBuildPhase section */

/* Begin PBXGroup section */
		263B35B627A9999B0022A79C /* assets */ = {
			isa = PBXGroup;
			children = (
				263B35BB27A9999B0022A79C /* blkKing.png */,
				263B35B727A9999B0022A79C /* blkRook.png */,
				263B35B827A9999B0022A79C /* whtKnight.png */,
				263B35B927A9999B0022A79C /* whtPawn.png */,
				263B35BA27A9999B0022A79C /* blkBishop.png */,
				263B35BC27A9999B0022A79C /* whtRook.png */,
				263B35BD27A9999B0022A79C /* whtQueen.png */,
				263B35BE27A9999B0022A79C /* blkKnight.png */,
				263B35BF27A9999B0022A79C /* blkPawn.png */,
				263B35C027A9999B0022A79C /* whtBishop.png */,
				263B35C127A9999B0022A79C /* whtKing.png */,
				263B35C227A9999B0022A79C /* blkQueen.png */,
			);
			path = assets;
			sourceTree = "<group>";
		};
		26B480B227A6E7E30041F56A = {
			isa = PBXGroup;
			children = (
				266F543E27A9A3A100D643B5 /* README.md */,
				26B480BD27A6E7E30041F56A /* chess */,
				26B480BC27A6E7E30041F56A /* Products */,
				26B480C527A6E80E0041F56A /* Frameworks */,
			);
			sourceTree = "<group>";
		};
		26B480BC27A6E7E30041F56A /* Products */ = {
			isa = PBXGroup;
			children = (
				26B480BB27A6E7E30041F56A /* chess */,
			);
			name = Products;
			sourceTree = "<group>";
		};
		26B480BD27A6E7E30041F56A /* chess */ = {
			isa = PBXGroup;
			children = (
				26B480CA27A6E8170041F56A /* chess.entitlements */,
				26B480BE27A6E7E30041F56A /* main.cpp */,
				26FAD6D727A9BF6A007EB527 /* pieces.cpp */,
				26FAD6D827A9BF6A007EB527 /* pieces.hpp */,
				263B35B627A9999B0022A79C /* assets */,
			);
			path = chess;
			sourceTree = "<group>";
		};
		26B480C527A6E80E0041F56A /* Frameworks */ = {
			isa = PBXGroup;
			children = (
				263B35C327A99E9E0022A79C /* CoreFoundation.framework */,
				26B480CC27A6F2080041F56A /* SDL2_image.framework */,
				26B480C627A6E80E0041F56A /* SDL2.framework */,
			);
			name = Frameworks;
			sourceTree = "<group>";
		};
/* End PBXGroup section */

/* Begin PBXNativeTarget section */
		26B480BA27A6E7E30041F56A /* chess */ = {
			isa = PBXNativeTarget;
			buildConfigurationList = 26B480C227A6E7E30041F56A /* Build configuration list for PBXNativeTarget "chess" */;
			buildPhases = (
				26B480B727A6E7E30041F56A /* Sources */,
				26B480B827A6E7E30041F56A /* Frameworks */,
				26B480B927A6E7E30041F56A /* CopyFiles */,
				26B480CF27A6F2080041F56A /* Embed Frameworks */,
				263B35C727A9A2270022A79C /* CopyFiles */,
			);
			buildRules = (
			);
			dependencies = (
			);
			name = chess;
			productName = chess;
			productReference = 26B480BB27A6E7E30041F56A /* chess */;
			productType = "com.apple.product-type.tool";
		};
/* End PBXNativeTarget section */

/* Begin PBXProject section */
		26B480B327A6E7E30041F56A /* Project object */ = {
			isa = PBXProject;
			attributes = {
				BuildIndependentTargetsInParallel = 1;
				LastUpgradeCheck = 1320;
				TargetAttributes = {
					26B480BA27A6E7E30041F56A = {
						CreatedOnToolsVersion = 13.2.1;
					};
				};
			};
			buildConfigurationList = 26B480B627A6E7E30041F56A /* Build configuration list for PBXProject "chess" */;
			compatibilityVersion = "Xcode 13.0";
			developmentRegion = en;
			hasScannedForEncodings = 0;
			knownRegions = (
				en,
				Base,
			);
			mainGroup = 26B480B227A6E7E30041F56A;
			productRefGroup = 26B480BC27A6E7E30041F56A /* Products */;
			projectDirPath = "";
			projectRoot = "";
			targets = (
				26B480BA27A6E7E30041F56A /* chess */,
			);
		};
/* End PBXProject section */

/* Begin PBXSourcesBuildPhase section */
		26B480B727A6E7E30041F56A /* Sources */ = {
			isa = PBXSourcesBuildPhase;
			buildActionMask = 2147483647;
			files = (
				26FAD6D927A9BF6A007EB527 /* pieces.cpp in Sources */,
				26B480BF27A6E7E30041F56A /* main.cpp in Sources */,
			);
			runOnlyForDeploymentPostprocessing = 0;
		};
/* End PBXSourcesBuildPhase section */

/* Begin XCBuildConfiguration section */
		26B480C027A6E7E30041F56A /* Debug */ = {
			isa = XCBuildConfiguration;
			buildSettings = {
				ALWAYS_SEARCH_USER_PATHS = NO;
				CLANG_ANALYZER_NONNULL = YES;
				CLANG_ANALYZER_NUMBER_OBJECT_CONVERSION = YES_AGGRESSIVE;
				CLANG_CXX_LANGUAGE_STANDARD = "gnu++17";
				CLANG_CXX_LIBRARY = "libc++";
				CLANG_ENABLE_MODULES = YES;
				CLANG_ENABLE_OBJC_ARC = YES;
				CLANG_ENABLE_OBJC_WEAK = YES;
				CLANG_WARN_BLOCK_CAPTURE_AUTORELEASING = YES;
				CLANG_WARN_BOOL_CONVERSION = YES;
				CLANG_WARN_COMMA = YES;
				CLANG_WARN_CONSTANT_CONVERSION = YES;
				CLANG_WARN_DEPRECATED_OBJC_IMPLEMENTATIONS = YES;
				CLANG_WARN_DIRECT_OBJC_ISA_USAGE = YES_ERROR;
				CLANG_WARN_DOCUMENTATION_COMMENTS = YES;
				CLANG_WARN_EMPTY_BODY = YES;
				CLANG_WARN_ENUM_CONVERSION = YES;
				CLANG_WARN_INFINITE_RECURSION = YES;
				CLANG_WARN_INT_CONVERSION = YES;
				CLANG_WARN_NON_LITERAL_NULL_CONVERSION = YES;
				CLANG_WARN_OBJC_IMPLICIT_RETAIN_SELF = YES;
				CLANG_WARN_OBJC_LITERAL_CONVERSION = YES;
				CLANG_WARN_OBJC_ROOT_CLASS = YES_ERROR;
				CLANG_WARN_QUOTED_INCLUDE_IN_FRAMEWORK_HEADER = YES;
				CLANG_WARN_RANGE_LOOP_ANALYSIS = YES;
				CLANG_WARN_STRICT_PROTOTYPES = YES;
				CLANG_WARN_SUSPICIOUS_MOVE = YES;
				CLANG_WARN_UNGUARDED_AVAILABILITY = YES_AGGRESSIVE;
				CLANG_WARN_UNREACHABLE_CODE = YES;
				CLANG_WARN__DUPLICATE_METHOD_MATCH = YES;
				COPY_PHASE_STRIP = NO;
				DEBUG_INFORMATION_FORMAT = dwarf;
				ENABLE_STRICT_OBJC_MSGSEND = YES;
				ENABLE_TESTABILITY = YES;
				GCC_C_LANGUAGE_STANDARD = gnu11;
				GCC_DYNAMIC_NO_PIC = NO;
				GCC_NO_COMMON_BLOCKS = YES;
				GCC_OPTIMIZATION_LEVEL = 0;
				GCC_PREPROCESSOR_DEFINITIONS = (
					"DEBUG=1",
					"$(inherited)",
				);
				GCC_WARN_64_TO_32_BIT_CONVERSION = YES;
				GCC_WARN_ABOUT_RETURN_TYPE = YES_ERROR;
				GCC_WARN_UNDECLARED_SELECTOR = YES;
				GCC_WARN_UNINITIALIZED_AUTOS = YES_AGGRESSIVE;
				GCC_WARN_UNUSED_FUNCTION = YES;
				GCC_WARN_UNUSED_VARIABLE = YES;
				MACOSX_DEPLOYMENT_TARGET = 12.0;
				MTL_ENABLE_DEBUG_INFO = INCLUDE_SOURCE;
				MTL_FAST_MATH = YES;
				ONLY_ACTIVE_ARCH = YES;
				SDKROOT = macosx;
			};
			name = Debug;
		};
		26B480C127A6E7E30041F56A /* Release */ = {
			isa = XCBuildConfiguration;
			buildSettings = {
				ALWAYS_SEARCH_USER_PATHS = NO;
				CLANG_ANALYZER_NONNULL = YES;
				CLANG_ANALYZER_NUMBER_OBJECT_CONVERSION = YES_AGGRESSIVE;
				CLANG_CXX_LANGUAGE_STANDARD = "gnu++17";
				CLANG_CXX_LIBRARY = "libc++";
				CLANG_ENABLE_MODULES = YES;
				CLANG_ENABLE_OBJC_ARC = YES;
				CLANG_ENABLE_OBJC_WEAK = YES;
				CLANG_WARN_BLOCK_CAPTURE_AUTORELEASING = YES;
				CLANG_WARN_BOOL_CONVERSION = YES;
				CLANG_WARN_COMMA = YES;
				CLANG_WARN_CONSTANT_CONVERSION = YES;
				CLANG_WARN_DEPRECATED_OBJC_IMPLEMENTATIONS = YES;
				CLANG_WARN_DIRECT_OBJC_ISA_USAGE = YES_ERROR;
				CLANG_WARN_DOCUMENTATION_COMMENTS = YES;
				CLANG_WARN_EMPTY_BODY = YES;
				CLANG_WARN_ENUM_CONVERSION = YES;
				CLANG_WARN_INFINITE_RECURSION = YES;
				CLANG_WARN_INT_CONVERSION = YES;
				CLANG_WARN_NON_LITERAL_NULL_CONVERSION = YES;
				CLANG_WARN_OBJC_IMPLICIT_RETAIN_SELF = YES;
				CLANG_WARN_OBJC_LITERAL_CONVERSION = YES;
				CLANG_WARN_OBJC_ROOT_CLASS = YES_ERROR;
				CLANG_WARN_QUOTED_INCLUDE_IN_FRAMEWORK_HEADER = YES;
				CLANG_WARN_RANGE_LOOP_ANALYSIS = YES;
				CLANG_WARN_STRICT_PROTOTYPES = YES;
				CLANG_WARN_SUSPICIOUS_MOVE = YES;
				CLANG_WARN_UNGUARDED_AVAILABILITY = YES_AGGRESSIVE;
				CLANG_WARN_UNREACHABLE_CODE = YES;
				CLANG_WARN__DUPLICATE_METHOD_MATCH = YES;
				COPY_PHASE_STRIP = NO;
				DEBUG_INFORMATION_FORMAT = "dwarf-with-dsym";
				ENABLE_NS_ASSERTIONS = NO;
				ENABLE_STRICT_OBJC_MSGSEND = YES;
				GCC_C_LANGUAGE_STANDARD = gnu11;
				GCC_NO_COMMON_BLOCKS = YES;
				GCC_WARN_64_TO_32_BIT_CONVERSION = YES;
				GCC_WARN_ABOUT_RETURN_TYPE = YES_ERROR;
				GCC_WARN_UNDECLARED_SELECTOR = YES;
				GCC_WARN_UNINITIALIZED_AUTOS = YES_AGGRESSIVE;
				GCC_WARN_UNUSED_FUNCTION = YES;
				GCC_WARN_UNUSED_VARIABLE = YES;
				MACOSX_DEPLOYMENT_TARGET = 12.0;
				MTL_ENABLE_DEBUG_INFO = NO;
				MTL_FAST_MATH = YES;
				SDKROOT = macosx;
			};
			name = Release;
		};
		26B480C327A6E7E30041F56A /* Debug */ = {
			isa = XCBuildConfiguration;
			buildSettings = {
				CODE_SIGN_ENTITLEMENTS = chess/chess.entitlements;
				CODE_SIGN_STYLE = Automatic;
				DEVELOPMENT_TEAM = R3WSLZUG53;
				ENABLE_HARDENED_RUNTIME = YES;
				EXCLUDED_ARCHS = arm64;
				FRAMEWORK_SEARCH_PATHS = (
					"$(inherited)",
					"$(LOCAL_LIBRARY_DIR)/Frameworks",
				);
				HEADER_SEARCH_PATHS = (
					/Library/Frameworks/SDL2.framework/Versions/A/Headers,
					/Library/Frameworks/SDL2_image.framework/Headers,
				);
				PRODUCT_NAME = "$(TARGET_NAME)";
			};
			name = Debug;
		};
		26B480C427A6E7E30041F56A /* Release */ = {
			isa = XCBuildConfiguration;
			buildSettings = {
				CODE_SIGN_ENTITLEMENTS = chess/chess.entitlements;
				CODE_SIGN_STYLE = Automatic;
				DEVELOPMENT_TEAM = R3WSLZUG53;
				ENABLE_HARDENED_RUNTIME = YES;
				EXCLUDED_ARCHS = arm64;
				FRAMEWORK_SEARCH_PATHS = (
					"$(inherited)",
					"$(LOCAL_LIBRARY_DIR)/Frameworks",
				);
				HEADER_SEARCH_PATHS = (
					/Library/Frameworks/SDL2.framework/Versions/A/Headers,
					/Library/Frameworks/SDL2_image.framework/Headers,
				);
				PRODUCT_NAME = "$(TARGET_NAME)";
			};
			name = Release;
		};
/* End XCBuildConfiguration section */

/* Begin XCConfigurationList section */
		26B480B627A6E7E30041F56A /* Build configuration list for PBXProject "chess" */ = {
			isa = XCConfigurationList;
			buildConfigurations = (
				26B480C027A6E7E30041F56A /* Debug */,
				26B480C127A6E7E30041F56A /* Release */,
			);
			defaultConfigurationIsVisible = 0;
			defaultConfigurationName = Release;
		};
		26B480C227A6E7E30041F56A /* Build configuration list for PBXNativeTarget "chess" */ = {
			isa = XCConfigurationList;
			buildConfigurations = (
				26B480C327A6E7E30041F56A /* Debug */,
				26B480C427A6E7E30041F56A /* Release */,
			);
			defaultConfigurationIsVisible = 0;
			defaultConfigurationName = Release;
		};
/* End XCConfigurationList section */
	};
	rootObject = 26B480B327A6E7E30041F56A /* Project object */;
}
